// !$*UTF8*$!
{
	archiveVersion = 1;
	classes = {
	};
	objectVersion = 46;
	objects = {

/* Begin PBXBuildFile section */
		292B02721D8189F700DCA1C1 /* TabbyAnimation.swift in Sources */ = {isa = PBXBuildFile; fileRef = 292B02621D8189F700DCA1C1 /* TabbyAnimation.swift */; };
		292B02731D8189F700DCA1C1 /* TabbyCell.swift in Sources */ = {isa = PBXBuildFile; fileRef = 292B02641D8189F700DCA1C1 /* TabbyCell.swift */; };
		292B02741D8189F700DCA1C1 /* UIView+Shadow.swift in Sources */ = {isa = PBXBuildFile; fileRef = 292B02661D8189F700DCA1C1 /* UIView+Shadow.swift */; };
		292B02751D8189F700DCA1C1 /* UIViewController+Constraint.swift in Sources */ = {isa = PBXBuildFile; fileRef = 292B02671D8189F700DCA1C1 /* UIViewController+Constraint.swift */; };
		292B02761D8189F700DCA1C1 /* TabbyBarItem.swift in Sources */ = {isa = PBXBuildFile; fileRef = 292B02691D8189F700DCA1C1 /* TabbyBarItem.swift */; };
		292B02771D8189F700DCA1C1 /* TabbyLayout.swift in Sources */ = {isa = PBXBuildFile; fileRef = 292B026B1D8189F700DCA1C1 /* TabbyLayout.swift */; };
		292B02781D8189F700DCA1C1 /* Behavior.swift in Sources */ = {isa = PBXBuildFile; fileRef = 292B026D1D8189F700DCA1C1 /* Behavior.swift */; };
		292B02791D8189F700DCA1C1 /* Constant.swift in Sources */ = {isa = PBXBuildFile; fileRef = 292B026E1D8189F700DCA1C1 /* Constant.swift */; };
		292B027A1D8189F700DCA1C1 /* TabbyController.swift in Sources */ = {isa = PBXBuildFile; fileRef = 292B026F1D8189F700DCA1C1 /* TabbyController.swift */; };
		292B027B1D8189F700DCA1C1 /* TabbyBar.swift in Sources */ = {isa = PBXBuildFile; fileRef = 292B02711D8189F700DCA1C1 /* TabbyBar.swift */; };
		29BB21BD1D82C19E00FA2D92 /* Morgan.framework in Frameworks */ = {isa = PBXBuildFile; fileRef = 29BB21BB1D82C19E00FA2D92 /* Morgan.framework */; };
		29BB21BE1D82C19E00FA2D92 /* Walker.framework in Frameworks */ = {isa = PBXBuildFile; fileRef = 29BB21BC1D82C19E00FA2D92 /* Walker.framework */; };
/* End PBXBuildFile section */

/* Begin PBXFileReference section */
		292B02621D8189F700DCA1C1 /* TabbyAnimation.swift */ = {isa = PBXFileReference; fileEncoding = 4; lastKnownFileType = sourcecode.swift; path = TabbyAnimation.swift; sourceTree = "<group>"; };
		292B02641D8189F700DCA1C1 /* TabbyCell.swift */ = {isa = PBXFileReference; fileEncoding = 4; lastKnownFileType = sourcecode.swift; path = TabbyCell.swift; sourceTree = "<group>"; };
		292B02661D8189F700DCA1C1 /* UIView+Shadow.swift */ = {isa = PBXFileReference; fileEncoding = 4; lastKnownFileType = sourcecode.swift; path = "UIView+Shadow.swift"; sourceTree = "<group>"; };
		292B02671D8189F700DCA1C1 /* UIViewController+Constraint.swift */ = {isa = PBXFileReference; fileEncoding = 4; lastKnownFileType = sourcecode.swift; path = "UIViewController+Constraint.swift"; sourceTree = "<group>"; };
		292B02691D8189F700DCA1C1 /* TabbyBarItem.swift */ = {isa = PBXFileReference; fileEncoding = 4; lastKnownFileType = sourcecode.swift; path = TabbyBarItem.swift; sourceTree = "<group>"; };
		292B026B1D8189F700DCA1C1 /* TabbyLayout.swift */ = {isa = PBXFileReference; fileEncoding = 4; lastKnownFileType = sourcecode.swift; path = TabbyLayout.swift; sourceTree = "<group>"; };
		292B026D1D8189F700DCA1C1 /* Behavior.swift */ = {isa = PBXFileReference; fileEncoding = 4; lastKnownFileType = sourcecode.swift; path = Behavior.swift; sourceTree = "<group>"; };
		292B026E1D8189F700DCA1C1 /* Constant.swift */ = {isa = PBXFileReference; fileEncoding = 4; lastKnownFileType = sourcecode.swift; path = Constant.swift; sourceTree = "<group>"; };
		292B026F1D8189F700DCA1C1 /* TabbyController.swift */ = {isa = PBXFileReference; fileEncoding = 4; lastKnownFileType = sourcecode.swift; path = TabbyController.swift; sourceTree = "<group>"; };
		292B02711D8189F700DCA1C1 /* TabbyBar.swift */ = {isa = PBXFileReference; fileEncoding = 4; lastKnownFileType = sourcecode.swift; path = TabbyBar.swift; sourceTree = "<group>"; };
		29BB21BB1D82C19E00FA2D92 /* Morgan.framework */ = {isa = PBXFileReference; lastKnownFileType = wrapper.framework; name = Morgan.framework; path = Carthage/Build/iOS/Morgan.framework; sourceTree = "<group>"; };
		29BB21BC1D82C19E00FA2D92 /* Walker.framework */ = {isa = PBXFileReference; lastKnownFileType = wrapper.framework; name = Walker.framework; path = Carthage/Build/iOS/Walker.framework; sourceTree = "<group>"; };
		29E9FD211CE318F1003F9384 /* Info.plist */ = {isa = PBXFileReference; fileEncoding = 4; lastKnownFileType = text.plist.xml; path = Info.plist; sourceTree = "<group>"; };
		D5B2E89F1C3A780C00C0327D /* Tabby.framework */ = {isa = PBXFileReference; explicitFileType = wrapper.framework; includeInIndex = 0; path = Tabby.framework; sourceTree = BUILT_PRODUCTS_DIR; };
/* End PBXFileReference section */

/* Begin PBXFrameworksBuildPhase section */
		D5B2E89B1C3A780C00C0327D /* Frameworks */ = {
			isa = PBXFrameworksBuildPhase;
			buildActionMask = 2147483647;
			files = (
				29BB21BE1D82C19E00FA2D92 /* Walker.framework in Frameworks */,
				29BB21BD1D82C19E00FA2D92 /* Morgan.framework in Frameworks */,
			);
			runOnlyForDeploymentPostprocessing = 0;
		};
/* End PBXFrameworksBuildPhase section */

/* Begin PBXGroup section */
		292B02601D8189F700DCA1C1 /* Sources */ = {
			isa = PBXGroup;
			children = (
				292B02611D8189F700DCA1C1 /* Animations */,
				292B02631D8189F700DCA1C1 /* Cells */,
				292B02651D8189F700DCA1C1 /* Extensions */,
				292B02681D8189F700DCA1C1 /* Items */,
				292B026A1D8189F700DCA1C1 /* Layout */,
				292B026C1D8189F700DCA1C1 /* Library */,
				292B026F1D8189F700DCA1C1 /* TabbyController.swift */,
				292B02701D8189F700DCA1C1 /* Views */,
			);
			path = Sources;
			sourceTree = "<group>";
		};
		292B02611D8189F700DCA1C1 /* Animations */ = {
			isa = PBXGroup;
			children = (
				292B02621D8189F700DCA1C1 /* TabbyAnimation.swift */,
			);
			path = Animations;
			sourceTree = "<group>";
		};
		292B02631D8189F700DCA1C1 /* Cells */ = {
			isa = PBXGroup;
			children = (
				292B02641D8189F700DCA1C1 /* TabbyCell.swift */,
			);
			path = Cells;
			sourceTree = "<group>";
		};
		292B02651D8189F700DCA1C1 /* Extensions */ = {
			isa = PBXGroup;
			children = (
				292B02661D8189F700DCA1C1 /* UIView+Shadow.swift */,
				292B02671D8189F700DCA1C1 /* UIViewController+Constraint.swift */,
			);
			path = Extensions;
			sourceTree = "<group>";
		};
		292B02681D8189F700DCA1C1 /* Items */ = {
			isa = PBXGroup;
			children = (
				292B02691D8189F700DCA1C1 /* TabbyBarItem.swift */,
			);
			path = Items;
			sourceTree = "<group>";
		};
		292B026A1D8189F700DCA1C1 /* Layout */ = {
			isa = PBXGroup;
			children = (
				292B026B1D8189F700DCA1C1 /* TabbyLayout.swift */,
			);
			path = Layout;
			sourceTree = "<group>";
		};
		292B026C1D8189F700DCA1C1 /* Library */ = {
			isa = PBXGroup;
			children = (
				292B026D1D8189F700DCA1C1 /* Behavior.swift */,
				292B026E1D8189F700DCA1C1 /* Constant.swift */,
			);
			path = Library;
			sourceTree = "<group>";
		};
		292B02701D8189F700DCA1C1 /* Views */ = {
			isa = PBXGroup;
			children = (
				292B02711D8189F700DCA1C1 /* TabbyBar.swift */,
			);
			path = Views;
			sourceTree = "<group>";
		};
		29E9FD201CE318F1003F9384 /* Resources */ = {
			isa = PBXGroup;
			children = (
				29E9FD211CE318F1003F9384 /* Info.plist */,
			);
			path = Resources;
			sourceTree = "<group>";
		};
		D5B2E8951C3A780C00C0327D = {
			isa = PBXGroup;
			children = (
				29BB21BB1D82C19E00FA2D92 /* Morgan.framework */,
				29BB21BC1D82C19E00FA2D92 /* Walker.framework */,
				292B02601D8189F700DCA1C1 /* Sources */,
				29E9FD201CE318F1003F9384 /* Resources */,
				D5B2E8A01C3A780C00C0327D /* Products */,
			);
			sourceTree = "<group>";
		};
		D5B2E8A01C3A780C00C0327D /* Products */ = {
			isa = PBXGroup;
			children = (
				D5B2E89F1C3A780C00C0327D /* Tabby.framework */,
			);
			name = Products;
			sourceTree = "<group>";
		};
/* End PBXGroup section */

/* Begin PBXHeadersBuildPhase section */
		D5B2E89C1C3A780C00C0327D /* Headers */ = {
			isa = PBXHeadersBuildPhase;
			buildActionMask = 2147483647;
			files = (
			);
			runOnlyForDeploymentPostprocessing = 0;
		};
/* End PBXHeadersBuildPhase section */

/* Begin PBXNativeTarget section */
		D5B2E89E1C3A780C00C0327D /* Tabby */ = {
			isa = PBXNativeTarget;
			buildConfigurationList = D5B2E8B31C3A780C00C0327D /* Build configuration list for PBXNativeTarget "Tabby" */;
			buildPhases = (
				D5B2E89A1C3A780C00C0327D /* Sources */,
				D5B2E89B1C3A780C00C0327D /* Frameworks */,
				D5B2E89C1C3A780C00C0327D /* Headers */,
				D5B2E89D1C3A780C00C0327D /* Resources */,
				29BB21BF1D82C1BC00FA2D92 /* ShellScript */,
			);
			buildRules = (
			);
			dependencies = (
			);
			name = Tabby;
			productName = Tabby;
			productReference = D5B2E89F1C3A780C00C0327D /* Tabby.framework */;
			productType = "com.apple.product-type.framework";
		};
/* End PBXNativeTarget section */

/* Begin PBXProject section */
		D5B2E8961C3A780C00C0327D /* Project object */ = {
			isa = PBXProject;
			attributes = {
				LastSwiftUpdateCheck = 0720;
				LastUpgradeCheck = 0800;
				ORGANIZATIONNAME = "Hyper Interaktiv AS";
				TargetAttributes = {
					D5B2E89E1C3A780C00C0327D = {
						CreatedOnToolsVersion = 7.2;
						LastSwiftMigration = 0800;
					};
				};
			};
			buildConfigurationList = D5B2E8991C3A780C00C0327D /* Build configuration list for PBXProject "Tabby" */;
			compatibilityVersion = "Xcode 3.2";
			developmentRegion = English;
			hasScannedForEncodings = 0;
			knownRegions = (
				en,
			);
			mainGroup = D5B2E8951C3A780C00C0327D;
			productRefGroup = D5B2E8A01C3A780C00C0327D /* Products */;
			projectDirPath = "";
			projectRoot = "";
			targets = (
				D5B2E89E1C3A780C00C0327D /* Tabby */,
			);
		};
/* End PBXProject section */

/* Begin PBXResourcesBuildPhase section */
		D5B2E89D1C3A780C00C0327D /* Resources */ = {
			isa = PBXResourcesBuildPhase;
			buildActionMask = 2147483647;
			files = (
			);
			runOnlyForDeploymentPostprocessing = 0;
		};
/* End PBXResourcesBuildPhase section */

/* Begin PBXShellScriptBuildPhase section */
		29BB21BF1D82C1BC00FA2D92 /* ShellScript */ = {
			isa = PBXShellScriptBuildPhase;
			buildActionMask = 2147483647;
			files = (
			);
			inputPaths = (
				"$(SRCROOT)/Carthage/Build/iOS/Walker.framework",
				"$(SRCROOT)/Carthage/Build/iOS/Morgan.framework",
			);
			outputPaths = (
			);
			runOnlyForDeploymentPostprocessing = 0;
			shellPath = /bin/sh;
			shellScript = "/usr/local/bin/carthage copy-frameworks";
		};
/* End PBXShellScriptBuildPhase section */

/* Begin PBXSourcesBuildPhase section */
		D5B2E89A1C3A780C00C0327D /* Sources */ = {
			isa = PBXSourcesBuildPhase;
			buildActionMask = 2147483647;
			files = (
				292B02731D8189F700DCA1C1 /* TabbyCell.swift in Sources */,
				292B02741D8189F700DCA1C1 /* UIView+Shadow.swift in Sources */,
				292B02771D8189F700DCA1C1 /* TabbyLayout.swift in Sources */,
				292B02791D8189F700DCA1C1 /* Constant.swift in Sources */,
				292B02721D8189F700DCA1C1 /* TabbyAnimation.swift in Sources */,
				292B027A1D8189F700DCA1C1 /* TabbyController.swift in Sources */,
				292B02751D8189F700DCA1C1 /* UIViewController+Constraint.swift in Sources */,
				292B02761D8189F700DCA1C1 /* TabbyBarItem.swift in Sources */,
				292B027B1D8189F700DCA1C1 /* TabbyBar.swift in Sources */,
				292B02781D8189F700DCA1C1 /* Behavior.swift in Sources */,
			);
			runOnlyForDeploymentPostprocessing = 0;
		};
/* End PBXSourcesBuildPhase section */

/* Begin XCBuildConfiguration section */
		D5B2E8B11C3A780C00C0327D /* Debug */ = {
			isa = XCBuildConfiguration;
			buildSettings = {
				ALWAYS_SEARCH_USER_PATHS = NO;
				CLANG_CXX_LANGUAGE_STANDARD = "gnu++0x";
				CLANG_CXX_LIBRARY = "libc++";
				CLANG_ENABLE_MODULES = YES;
				CLANG_ENABLE_OBJC_ARC = YES;
				CLANG_WARN_BOOL_CONVERSION = YES;
				CLANG_WARN_CONSTANT_CONVERSION = YES;
				CLANG_WARN_DIRECT_OBJC_ISA_USAGE = YES_ERROR;
				CLANG_WARN_EMPTY_BODY = YES;
				CLANG_WARN_ENUM_CONVERSION = YES;
				CLANG_WARN_INFINITE_RECURSION = YES;
				CLANG_WARN_INT_CONVERSION = YES;
				CLANG_WARN_OBJC_ROOT_CLASS = YES_ERROR;
				CLANG_WARN_SUSPICIOUS_MOVE = YES;
				CLANG_WARN_UNREACHABLE_CODE = YES;
				CLANG_WARN__DUPLICATE_METHOD_MATCH = YES;
				"CODE_SIGN_IDENTITY[sdk=iphoneos*]" = "iPhone Developer";
				COPY_PHASE_STRIP = NO;
				CURRENT_PROJECT_VERSION = 1;
				DEBUG_INFORMATION_FORMAT = dwarf;
				ENABLE_STRICT_OBJC_MSGSEND = YES;
				ENABLE_TESTABILITY = YES;
				GCC_C_LANGUAGE_STANDARD = gnu99;
				GCC_DYNAMIC_NO_PIC = NO;
				GCC_NO_COMMON_BLOCKS = YES;
				GCC_OPTIMIZATION_LEVEL = 0;
				GCC_PREPROCESSOR_DEFINITIONS = (
					"DEBUG=1",
					"$(inherited)",
				);
				GCC_WARN_64_TO_32_BIT_CONVERSION = YES;
				GCC_WARN_ABOUT_RETURN_TYPE = YES_ERROR;
				GCC_WARN_UNDECLARED_SELECTOR = YES;
				GCC_WARN_UNINITIALIZED_AUTOS = YES_AGGRESSIVE;
				GCC_WARN_UNUSED_FUNCTION = YES;
				GCC_WARN_UNUSED_VARIABLE = YES;
				IPHONEOS_DEPLOYMENT_TARGET = 9.2;
				MTL_ENABLE_DEBUG_INFO = YES;
				ONLY_ACTIVE_ARCH = YES;
				SDKROOT = iphoneos;
				SWIFT_OPTIMIZATION_LEVEL = "-Onone";
				SWIFT_VERSION = 3.0;
				TARGETED_DEVICE_FAMILY = "1,2";
				VERSIONING_SYSTEM = "apple-generic";
				VERSION_INFO_PREFIX = "";
			};
			name = Debug;
		};
		D5B2E8B21C3A780C00C0327D /* Release */ = {
			isa = XCBuildConfiguration;
			buildSettings = {
				ALWAYS_SEARCH_USER_PATHS = NO;
				CLANG_CXX_LANGUAGE_STANDARD = "gnu++0x";
				CLANG_CXX_LIBRARY = "libc++";
				CLANG_ENABLE_MODULES = YES;
				CLANG_ENABLE_OBJC_ARC = YES;
				CLANG_WARN_BOOL_CONVERSION = YES;
				CLANG_WARN_CONSTANT_CONVERSION = YES;
				CLANG_WARN_DIRECT_OBJC_ISA_USAGE = YES_ERROR;
				CLANG_WARN_EMPTY_BODY = YES;
				CLANG_WARN_ENUM_CONVERSION = YES;
				CLANG_WARN_INFINITE_RECURSION = YES;
				CLANG_WARN_INT_CONVERSION = YES;
				CLANG_WARN_OBJC_ROOT_CLASS = YES_ERROR;
				CLANG_WARN_SUSPICIOUS_MOVE = YES;
				CLANG_WARN_UNREACHABLE_CODE = YES;
				CLANG_WARN__DUPLICATE_METHOD_MATCH = YES;
				"CODE_SIGN_IDENTITY[sdk=iphoneos*]" = "iPhone Developer";
				COPY_PHASE_STRIP = NO;
				CURRENT_PROJECT_VERSION = 1;
				DEBUG_INFORMATION_FORMAT = "dwarf-with-dsym";
				ENABLE_NS_ASSERTIONS = NO;
				ENABLE_STRICT_OBJC_MSGSEND = YES;
				GCC_C_LANGUAGE_STANDARD = gnu99;
				GCC_NO_COMMON_BLOCKS = YES;
				GCC_WARN_64_TO_32_BIT_CONVERSION = YES;
				GCC_WARN_ABOUT_RETURN_TYPE = YES_ERROR;
				GCC_WARN_UNDECLARED_SELECTOR = YES;
				GCC_WARN_UNINITIALIZED_AUTOS = YES_AGGRESSIVE;
				GCC_WARN_UNUSED_FUNCTION = YES;
				GCC_WARN_UNUSED_VARIABLE = YES;
				IPHONEOS_DEPLOYMENT_TARGET = 9.2;
				MTL_ENABLE_DEBUG_INFO = NO;
				SDKROOT = iphoneos;
				SWIFT_OPTIMIZATION_LEVEL = "-Owholemodule";
				SWIFT_VERSION = 3.0;
				TARGETED_DEVICE_FAMILY = "1,2";
				VALIDATE_PRODUCT = YES;
				VERSIONING_SYSTEM = "apple-generic";
				VERSION_INFO_PREFIX = "";
			};
			name = Release;
		};
		D5B2E8B41C3A780C00C0327D /* Debug */ = {
			isa = XCBuildConfiguration;
			buildSettings = {
				CLANG_ENABLE_MODULES = YES;
				"CODE_SIGN_IDENTITY[sdk=iphoneos*]" = "";
				DEFINES_MODULE = YES;
				DYLIB_COMPATIBILITY_VERSION = 1;
				DYLIB_CURRENT_VERSION = 1;
				DYLIB_INSTALL_NAME_BASE = "@rpath";
				FRAMEWORK_SEARCH_PATHS = (
					"$(inherited)",
					"$(PROJECT_DIR)/Carthage/Build/iOS",
				);
				INFOPLIST_FILE = "$(SRCROOT)/Resources/Info.plist";
				INSTALL_PATH = "$(LOCAL_LIBRARY_DIR)/Frameworks";
				IPHONEOS_DEPLOYMENT_TARGET = 8.0;
				LD_RUNPATH_SEARCH_PATHS = "$(inherited) @executable_path/Frameworks @loader_path/Frameworks";
				PRODUCT_BUNDLE_IDENTIFIER = no.hyper.Tabby;
				PRODUCT_NAME = Tabby;
				SKIP_INSTALL = YES;
				SWIFT_OPTIMIZATION_LEVEL = "-Onone";
				SWIFT_VERSION = 3.0;
			};
			name = Debug;
		};
		D5B2E8B51C3A780C00C0327D /* Release */ = {
			isa = XCBuildConfiguration;
			buildSettings = {
				CLANG_ENABLE_MODULES = YES;
				"CODE_SIGN_IDENTITY[sdk=iphoneos*]" = "";
				DEFINES_MODULE = YES;
				DYLIB_COMPATIBILITY_VERSION = 1;
				DYLIB_CURRENT_VERSION = 1;
				DYLIB_INSTALL_NAME_BASE = "@rpath";
				FRAMEWORK_SEARCH_PATHS = (
					"$(inherited)",
					"$(PROJECT_DIR)/Carthage/Build/iOS",
				);
				INFOPLIST_FILE = "$(SRCROOT)/Resources/Info.plist";
				INSTALL_PATH = "$(LOCAL_LIBRARY_DIR)/Frameworks";
				IPHONEOS_DEPLOYMENT_TARGET = 8.0;
				LD_RUNPATH_SEARCH_PATHS = "$(inherited) @executable_path/Frameworks @loader_path/Frameworks";
				PRODUCT_BUNDLE_IDENTIFIER = no.hyper.Tabby;
				PRODUCT_NAME = Tabby;
				SKIP_INSTALL = YES;
				SWIFT_VERSION = 3.0;
			};
			name = Release;
		};
/* End XCBuildConfiguration section */

/* Begin XCConfigurationList section */
		D5B2E8991C3A780C00C0327D /* Build configuration list for PBXProject "Tabby" */ = {
			isa = XCConfigurationList;
			buildConfigurations = (
				D5B2E8B11C3A780C00C0327D /* Debug */,
				D5B2E8B21C3A780C00C0327D /* Release */,
			);
			defaultConfigurationIsVisible = 0;
			defaultConfigurationName = Release;
		};
		D5B2E8B31C3A780C00C0327D /* Build configuration list for PBXNativeTarget "Tabby" */ = {
			isa = XCConfigurationList;
			buildConfigurations = (
				D5B2E8B41C3A780C00C0327D /* Debug */,
				D5B2E8B51C3A780C00C0327D /* Release */,
			);
			defaultConfigurationIsVisible = 0;
			defaultConfigurationName = Release;
		};
/* End XCConfigurationList section */
	};
	rootObject = D5B2E8961C3A780C00C0327D /* Project object */;
}
