PODS:
  - Morgan (0.9.1):
    - Walker
  - Tabby (0.1.0):
    - Morgan
  - Walker (0.9.1)

DEPENDENCIES:
  - Morgan
  - Tabby (from `../../`)

EXTERNAL SOURCES:
  Tabby:
    :path: ../../

SPEC CHECKSUMS:
  Morgan: 9cb6cdfd5eaafcdc98af5c05620cad575ace77de
  Tabby: 88961cdd310f87dabfa937e456853940a737cb9b
  Walker: 9a765e7f35adb19ce59079e26d425c1e8c463241

PODFILE CHECKSUM: 312b4cf16bc8a8c9f8d71cf2bb3ea69550aa532b

COCOAPODS: 1.0.0
